SITE
  remote: http://community.opscode.com/api/v1
  specs:
    apache2 (1.9.6)
      iptables (>= 0.0.0)
      logrotate (>= 0.0.0)
      pacman (>= 0.0.0)
    build-essential (1.4.4)
    chef_handler (1.1.5)
    homebrew (1.5.4)
    iis (2.0.2)
      windows (>= 1.2.6)
    iptables (0.12.0)
    logrotate (1.5.0)
    memcached (1.7.0)
      runit (~> 1.0)
      yum (~> 3.0)
      yum-epel (>= 0.0.0)
    mysql (4.1.2)
      build-essential (~> 1.4)
      homebrew (>= 0.0.0)
      openssl (~> 1.1)
      windows (>= 0.0.0)
    openssl (1.1.0)
    pacman (1.1.1)
    php (1.4.2)
      build-essential (>= 0.0.0)
      iis (>= 0.0.0)
      mysql (>= 0.0.0)
      windows (>= 0.0.0)
      xml (>= 0.0.0)
      yum-epel (>= 0.0.0)
    runit (1.5.8)
      build-essential (>= 0.0.0)
      yum (~> 3.0)
      yum-epel (>= 0.0.0)
    sudo (2.5.2)
    windows (1.30.0)
      chef_handler (>= 0.0.0)
    xml (1.2.2)
      build-essential (>= 0.0.0)
    yum (3.1.2)
    yum-epel (0.3.4)
      yum (~> 3.0)

GIT
  remote: git@github.com:fnichol/chef-user.git
  ref: master
  sha: ce45d05e13491a82cbb5a2c36292391f3a1aaa36
  specs:
    user (0.3.1)

DEPENDENCIES
  apache2 (>= 0)
  memcached (>= 0)
  mysql (>= 0)
  mysql (>= 0)
  php (>= 0)
  sudo (>= 0)
  user (>= 0)

